
Microsoft Visual Studio Solution File, Format Version 12.00
# Visual Studio Version 16
VisualStudioVersion = 25.0.1705.4
MinimumVisualStudioVersion = 10.0.40219.1
Project("{FAE04EC0-301F-11D3-BF4B-00C04F79EFBC}") = "BlazorEcommerce.Server", "BlazorEcommerce\Server\BlazorEcommerce.Server.csproj", "{7B22BE39-E5F3-47C8-A24B-1A49D7F53009}"
EndProject
Project("{FAE04EC0-301F-11D3-BF4B-00C04F79EFBC}") = "BlazorEcommerce.Client", "BlazorEcommerce\Client\BlazorEcommerce.Client.csproj", "{CF220D81-0878-41F7-862B-5B4EFB0B87D8}"
EndProject
Project("{FAE04EC0-301F-11D3-BF4B-00C04F79EFBC}") = "BlazorEcommerce.Shared", "BlazorEcommerce\Shared\BlazorEcommerce.Shared.csproj", "{D78AB4F5-9D69-44FE-81E5-D65681BD1ACE}"
EndProject
Global
	GlobalSection(SolutionConfigurationPlatforms) = preSolution
		Debug|Any CPU = Debug|Any CPU
		Release|Any CPU = Release|Any CPU
	EndGlobalSection
	GlobalSection(ProjectConfigurationPlatforms) = postSolution
		{7B22BE39-E5F3-47C8-A24B-1A49D7F53009}.Debug|Any CPU.ActiveCfg = Debug|Any CPU
		{7B22BE39-E5F3-47C8-A24B-1A49D7F53009}.Debug|Any CPU.Build.0 = Debug|Any CPU
		{7B22BE39-E5F3-47C8-A24B-1A49D7F53009}.Release|Any CPU.ActiveCfg = Release|Any CPU
		{7B22BE39-E5F3-47C8-A24B-1A49D7F53009}.Release|Any CPU.Build.0 = Release|Any CPU
		{CF220D81-0878-41F7-862B-5B4EFB0B87D8}.Debug|Any CPU.ActiveCfg = Debug|Any CPU
		{CF220D81-0878-41F7-862B-5B4EFB0B87D8}.Debug|Any CPU.Build.0 = Debug|Any CPU
		{CF220D81-0878-41F7-862B-5B4EFB0B87D8}.Release|Any CPU.ActiveCfg = Release|Any CPU
		{CF220D81-0878-41F7-862B-5B4EFB0B87D8}.Release|Any CPU.Build.0 = Release|Any CPU
		{D78AB4F5-9D69-44FE-81E5-D65681BD1ACE}.Debug|Any CPU.ActiveCfg = Debug|Any CPU
		{D78AB4F5-9D69-44FE-81E5-D65681BD1ACE}.Debug|Any CPU.Build.0 = Debug|Any CPU
		{D78AB4F5-9D69-44FE-81E5-D65681BD1ACE}.Release|Any CPU.ActiveCfg = Release|Any CPU
		{D78AB4F5-9D69-44FE-81E5-D65681BD1ACE}.Release|Any CPU.Build.0 = Release|Any CPU
	EndGlobalSection
	GlobalSection(SolutionProperties) = preSolution
		HideSolutionNode = FALSE
	EndGlobalSection
	GlobalSection(ExtensibilityGlobals) = postSolution
		SolutionGuid = {F705E988-FCC5-4A0B-8AED-ED01EE07A43F}
	EndGlobalSection
EndGlobal
